// !$*UTF8*$!
{
	archiveVersion = 1;
	classes = {
	};
	objectVersion = 56;
	objects = {

/* Begin PBXBuildFile section */
		A12272062B2292EA005F7547 /* CameraService.swift in Sources */ = {isa = PBXBuildFile; fileRef = A12272052B2292EA005F7547 /* CameraService.swift */; };
		A12272082B229878005F7547 /* vhs.metal in Sources */ = {isa = PBXBuildFile; fileRef = A12272072B229878005F7547 /* vhs.metal */; };
		A14AE2132B1CA30500D2D619 /* AppDelegate.swift in Sources */ = {isa = PBXBuildFile; fileRef = A14AE2122B1CA30500D2D619 /* AppDelegate.swift */; };
		A14AE2152B1CA30500D2D619 /* SceneDelegate.swift in Sources */ = {isa = PBXBuildFile; fileRef = A14AE2142B1CA30500D2D619 /* SceneDelegate.swift */; };
		A14AE2172B1CA30500D2D619 /* CameraViewController.swift in Sources */ = {isa = PBXBuildFile; fileRef = A14AE2162B1CA30500D2D619 /* CameraViewController.swift */; };
		A14AE21A2B1CA30500D2D619 /* Main.storyboard in Resources */ = {isa = PBXBuildFile; fileRef = A14AE2182B1CA30500D2D619 /* Main.storyboard */; };
		A14AE21C2B1CA30600D2D619 /* Assets.xcassets in Resources */ = {isa = PBXBuildFile; fileRef = A14AE21B2B1CA30600D2D619 /* Assets.xcassets */; };
		A14AE21F2B1CA30600D2D619 /* LaunchScreen.storyboard in Resources */ = {isa = PBXBuildFile; fileRef = A14AE21D2B1CA30600D2D619 /* LaunchScreen.storyboard */; };
		A14AE2272B1CA53D00D2D619 /* PlayerViewController.swift in Sources */ = {isa = PBXBuildFile; fileRef = A14AE2262B1CA53D00D2D619 /* PlayerViewController.swift */; };
		A14AE2292B1CEFA800D2D619 /* kernels.metal in Sources */ = {isa = PBXBuildFile; fileRef = A14AE2282B1CEFA800D2D619 /* kernels.metal */; };
/* End PBXBuildFile section */

/* Begin PBXFileReference section */
		A12272052B2292EA005F7547 /* CameraService.swift */ = {isa = PBXFileReference; lastKnownFileType = sourcecode.swift; path = CameraService.swift; sourceTree = "<group>"; };
		A12272072B229878005F7547 /* vhs.metal */ = {isa = PBXFileReference; lastKnownFileType = sourcecode.metal; path = vhs.metal; sourceTree = "<group>"; };
		A14AE20F2B1CA30500D2D619 /* MetalCamera.app */ = {isa = PBXFileReference; explicitFileType = wrapper.application; includeInIndex = 0; path = MetalCamera.app; sourceTree = BUILT_PRODUCTS_DIR; };
		A14AE2122B1CA30500D2D619 /* AppDelegate.swift */ = {isa = PBXFileReference; lastKnownFileType = sourcecode.swift; path = AppDelegate.swift; sourceTree = "<group>"; };
		A14AE2142B1CA30500D2D619 /* SceneDelegate.swift */ = {isa = PBXFileReference; lastKnownFileType = sourcecode.swift; path = SceneDelegate.swift; sourceTree = "<group>"; };
		A14AE2162B1CA30500D2D619 /* CameraViewController.swift */ = {isa = PBXFileReference; lastKnownFileType = sourcecode.swift; path = CameraViewController.swift; sourceTree = "<group>"; };
		A14AE2192B1CA30500D2D619 /* Base */ = {isa = PBXFileReference; lastKnownFileType = file.storyboard; name = Base; path = Base.lproj/Main.storyboard; sourceTree = "<group>"; };
		A14AE21B2B1CA30600D2D619 /* Assets.xcassets */ = {isa = PBXFileReference; lastKnownFileType = folder.assetcatalog; path = Assets.xcassets; sourceTree = "<group>"; };
		A14AE21E2B1CA30600D2D619 /* Base */ = {isa = PBXFileReference; lastKnownFileType = file.storyboard; name = Base; path = Base.lproj/LaunchScreen.storyboard; sourceTree = "<group>"; };
		A14AE2202B1CA30600D2D619 /* Info.plist */ = {isa = PBXFileReference; lastKnownFileType = text.plist.xml; path = Info.plist; sourceTree = "<group>"; };
		A14AE2262B1CA53D00D2D619 /* PlayerViewController.swift */ = {isa = PBXFileReference; lastKnownFileType = sourcecode.swift; path = PlayerViewController.swift; sourceTree = "<group>"; };
		A14AE2282B1CEFA800D2D619 /* kernels.metal */ = {isa = PBXFileReference; lastKnownFileType = sourcecode.metal; path = kernels.metal; sourceTree = "<group>"; };
/* End PBXFileReference section */

/* Begin PBXFrameworksBuildPhase section */
		A14AE20C2B1CA30500D2D619 /* Frameworks */ = {
			isa = PBXFrameworksBuildPhase;
			buildActionMask = 2147483647;
			files = (
			);
			runOnlyForDeploymentPostprocessing = 0;
		};
/* End PBXFrameworksBuildPhase section */

/* Begin PBXGroup section */
		A14AE2062B1CA30500D2D619 = {
			isa = PBXGroup;
			children = (
				A14AE2112B1CA30500D2D619 /* MetalCamera */,
				A14AE2102B1CA30500D2D619 /* Products */,
			);
			sourceTree = "<group>";
		};
		A14AE2102B1CA30500D2D619 /* Products */ = {
			isa = PBXGroup;
			children = (
				A14AE20F2B1CA30500D2D619 /* MetalCamera.app */,
			);
			name = Products;
			sourceTree = "<group>";
		};
		A14AE2112B1CA30500D2D619 /* MetalCamera */ = {
			isa = PBXGroup;
			children = (
				A14AE2122B1CA30500D2D619 /* AppDelegate.swift */,
				A14AE2142B1CA30500D2D619 /* SceneDelegate.swift */,
				A14AE2162B1CA30500D2D619 /* CameraViewController.swift */,
				A12272052B2292EA005F7547 /* CameraService.swift */,
				A14AE2262B1CA53D00D2D619 /* PlayerViewController.swift */,
				A14AE2182B1CA30500D2D619 /* Main.storyboard */,
				A14AE21B2B1CA30600D2D619 /* Assets.xcassets */,
				A14AE21D2B1CA30600D2D619 /* LaunchScreen.storyboard */,
				A14AE2202B1CA30600D2D619 /* Info.plist */,
				A14AE2282B1CEFA800D2D619 /* kernels.metal */,
				A12272072B229878005F7547 /* vhs.metal */,
			);
			path = MetalCamera;
			sourceTree = "<group>";
		};
/* End PBXGroup section */

/* Begin PBXNativeTarget section */
		A14AE20E2B1CA30500D2D619 /* MetalCamera */ = {
			isa = PBXNativeTarget;
			buildConfigurationList = A14AE2232B1CA30600D2D619 /* Build configuration list for PBXNativeTarget "MetalCamera" */;
			buildPhases = (
				A14AE20B2B1CA30500D2D619 /* Sources */,
				A14AE20C2B1CA30500D2D619 /* Frameworks */,
				A14AE20D2B1CA30500D2D619 /* Resources */,
			);
			buildRules = (
			);
			dependencies = (
			);
			name = MetalCamera;
			productName = MetalCamera;
			productReference = A14AE20F2B1CA30500D2D619 /* MetalCamera.app */;
			productType = "com.apple.product-type.application";
		};
/* End PBXNativeTarget section */

/* Begin PBXProject section */
		A14AE2072B1CA30500D2D619 /* Project object */ = {
			isa = PBXProject;
			attributes = {
				BuildIndependentTargetsInParallel = 1;
				LastSwiftUpdateCheck = 1430;
				LastUpgradeCheck = 1430;
				TargetAttributes = {
					A14AE20E2B1CA30500D2D619 = {
						CreatedOnToolsVersion = 14.3.1;
					};
				};
			};
			buildConfigurationList = A14AE20A2B1CA30500D2D619 /* Build configuration list for PBXProject "MetalCamera" */;
			compatibilityVersion = "Xcode 14.0";
			developmentRegion = en;
			hasScannedForEncodings = 0;
			knownRegions = (
				en,
				Base,
			);
			mainGroup = A14AE2062B1CA30500D2D619;
			productRefGroup = A14AE2102B1CA30500D2D619 /* Products */;
			projectDirPath = "";
			projectRoot = "";
			targets = (
				A14AE20E2B1CA30500D2D619 /* MetalCamera */,
			);
		};
/* End PBXProject section */

/* Begin PBXResourcesBuildPhase section */
		A14AE20D2B1CA30500D2D619 /* Resources */ = {
			isa = PBXResourcesBuildPhase;
			buildActionMask = 2147483647;
			files = (
				A14AE21F2B1CA30600D2D619 /* LaunchScreen.storyboard in Resources */,
				A14AE21C2B1CA30600D2D619 /* Assets.xcassets in Resources */,
				A14AE21A2B1CA30500D2D619 /* Main.storyboard in Resources */,
			);
			runOnlyForDeploymentPostprocessing = 0;
		};
/* End PBXResourcesBuildPhase section */

/* Begin PBXSourcesBuildPhase section */
		A14AE20B2B1CA30500D2D619 /* Sources */ = {
			isa = PBXSourcesBuildPhase;
			buildActionMask = 2147483647;
			files = (
				A14AE2172B1CA30500D2D619 /* CameraViewController.swift in Sources */,
				A14AE2292B1CEFA800D2D619 /* kernels.metal in Sources */,
				A12272062B2292EA005F7547 /* CameraService.swift in Sources */,
				A14AE2272B1CA53D00D2D619 /* PlayerViewController.swift in Sources */,
				A12272082B229878005F7547 /* vhs.metal in Sources */,
				A14AE2132B1CA30500D2D619 /* AppDelegate.swift in Sources */,
				A14AE2152B1CA30500D2D619 /* SceneDelegate.swift in Sources */,
			);
			runOnlyForDeploymentPostprocessing = 0;
		};
/* End PBXSourcesBuildPhase section */

/* Begin PBXVariantGroup section */
		A14AE2182B1CA30500D2D619 /* Main.storyboard */ = {
			isa = PBXVariantGroup;
			children = (
				A14AE2192B1CA30500D2D619 /* Base */,
			);
			name = Main.storyboard;
			sourceTree = "<group>";
		};
		A14AE21D2B1CA30600D2D619 /* LaunchScreen.storyboard */ = {
			isa = PBXVariantGroup;
			children = (
				A14AE21E2B1CA30600D2D619 /* Base */,
			);
			name = LaunchScreen.storyboard;
			sourceTree = "<group>";
		};
/* End PBXVariantGroup section */

/* Begin XCBuildConfiguration section */
		A14AE2212B1CA30600D2D619 /* Debug */ = {
			isa = XCBuildConfiguration;
			buildSettings = {
				ALWAYS_SEARCH_USER_PATHS = NO;
				CLANG_ANALYZER_NONNULL = YES;
				CLANG_ANALYZER_NUMBER_OBJECT_CONVERSION = YES_AGGRESSIVE;
				CLANG_CXX_LANGUAGE_STANDARD = "gnu++20";
				CLANG_ENABLE_MODULES = YES;
				CLANG_ENABLE_OBJC_ARC = YES;
				CLANG_ENABLE_OBJC_WEAK = YES;
				CLANG_WARN_BLOCK_CAPTURE_AUTORELEASING = YES;
				CLANG_WARN_BOOL_CONVERSION = YES;
				CLANG_WARN_COMMA = YES;
				CLANG_WARN_CONSTANT_CONVERSION = YES;
				CLANG_WARN_DEPRECATED_OBJC_IMPLEMENTATIONS = YES;
				CLANG_WARN_DIRECT_OBJC_ISA_USAGE = YES_ERROR;
				CLANG_WARN_DOCUMENTATION_COMMENTS = YES;
				CLANG_WARN_EMPTY_BODY = YES;
				CLANG_WARN_ENUM_CONVERSION = YES;
				CLANG_WARN_INFINITE_RECURSION = YES;
				CLANG_WARN_INT_CONVERSION = YES;
				CLANG_WARN_NON_LITERAL_NULL_CONVERSION = YES;
				CLANG_WARN_OBJC_IMPLICIT_RETAIN_SELF = YES;
				CLANG_WARN_OBJC_LITERAL_CONVERSION = YES;
				CLANG_WARN_OBJC_ROOT_CLASS = YES_ERROR;
				CLANG_WARN_QUOTED_INCLUDE_IN_FRAMEWORK_HEADER = YES;
				CLANG_WARN_RANGE_LOOP_ANALYSIS = YES;
				CLANG_WARN_STRICT_PROTOTYPES = YES;
				CLANG_WARN_SUSPICIOUS_MOVE = YES;
				CLANG_WARN_UNGUARDED_AVAILABILITY = YES_AGGRESSIVE;
				CLANG_WARN_UNREACHABLE_CODE = YES;
				CLANG_WARN__DUPLICATE_METHOD_MATCH = YES;
				COPY_PHASE_STRIP = NO;
				DEBUG_INFORMATION_FORMAT = dwarf;
				ENABLE_STRICT_OBJC_MSGSEND = YES;
				ENABLE_TESTABILITY = YES;
				GCC_C_LANGUAGE_STANDARD = gnu11;
				GCC_DYNAMIC_NO_PIC = NO;
				GCC_NO_COMMON_BLOCKS = YES;
				GCC_OPTIMIZATION_LEVEL = 0;
				GCC_PREPROCESSOR_DEFINITIONS = (
					"DEBUG=1",
					"$(inherited)",
				);
				GCC_WARN_64_TO_32_BIT_CONVERSION = YES;
				GCC_WARN_ABOUT_RETURN_TYPE = YES_ERROR;
				GCC_WARN_UNDECLARED_SELECTOR = YES;
				GCC_WARN_UNINITIALIZED_AUTOS = YES_AGGRESSIVE;
				GCC_WARN_UNUSED_FUNCTION = YES;
				GCC_WARN_UNUSED_VARIABLE = YES;
				IPHONEOS_DEPLOYMENT_TARGET = 16.4;
				MTL_ENABLE_DEBUG_INFO = INCLUDE_SOURCE;
				MTL_FAST_MATH = YES;
				ONLY_ACTIVE_ARCH = YES;
				SDKROOT = iphoneos;
				SWIFT_ACTIVE_COMPILATION_CONDITIONS = DEBUG;
				SWIFT_OPTIMIZATION_LEVEL = "-Onone";
			};
			name = Debug;
		};
		A14AE2222B1CA30600D2D619 /* Release */ = {
			isa = XCBuildConfiguration;
			buildSettings = {
				ALWAYS_SEARCH_USER_PATHS = NO;
				CLANG_ANALYZER_NONNULL = YES;
				CLANG_ANALYZER_NUMBER_OBJECT_CONVERSION = YES_AGGRESSIVE;
				CLANG_CXX_LANGUAGE_STANDARD = "gnu++20";
				CLANG_ENABLE_MODULES = YES;
				CLANG_ENABLE_OBJC_ARC = YES;
				CLANG_ENABLE_OBJC_WEAK = YES;
				CLANG_WARN_BLOCK_CAPTURE_AUTORELEASING = YES;
				CLANG_WARN_BOOL_CONVERSION = YES;
				CLANG_WARN_COMMA = YES;
				CLANG_WARN_CONSTANT_CONVERSION = YES;
				CLANG_WARN_DEPRECATED_OBJC_IMPLEMENTATIONS = YES;
				CLANG_WARN_DIRECT_OBJC_ISA_USAGE = YES_ERROR;
				CLANG_WARN_DOCUMENTATION_COMMENTS = YES;
				CLANG_WARN_EMPTY_BODY = YES;
				CLANG_WARN_ENUM_CONVERSION = YES;
				CLANG_WARN_INFINITE_RECURSION = YES;
				CLANG_WARN_INT_CONVERSION = YES;
				CLANG_WARN_NON_LITERAL_NULL_CONVERSION = YES;
				CLANG_WARN_OBJC_IMPLICIT_RETAIN_SELF = YES;
				CLANG_WARN_OBJC_LITERAL_CONVERSION = YES;
				CLANG_WARN_OBJC_ROOT_CLASS = YES_ERROR;
				CLANG_WARN_QUOTED_INCLUDE_IN_FRAMEWORK_HEADER = YES;
				CLANG_WARN_RANGE_LOOP_ANALYSIS = YES;
				CLANG_WARN_STRICT_PROTOTYPES = YES;
				CLANG_WARN_SUSPICIOUS_MOVE = YES;
				CLANG_WARN_UNGUARDED_AVAILABILITY = YES_AGGRESSIVE;
				CLANG_WARN_UNREACHABLE_CODE = YES;
				CLANG_WARN__DUPLICATE_METHOD_MATCH = YES;
				COPY_PHASE_STRIP = NO;
				DEBUG_INFORMATION_FORMAT = "dwarf-with-dsym";
				ENABLE_NS_ASSERTIONS = NO;
				ENABLE_STRICT_OBJC_MSGSEND = YES;
				GCC_C_LANGUAGE_STANDARD = gnu11;
				GCC_NO_COMMON_BLOCKS = YES;
				GCC_WARN_64_TO_32_BIT_CONVERSION = YES;
				GCC_WARN_ABOUT_RETURN_TYPE = YES_ERROR;
				GCC_WARN_UNDECLARED_SELECTOR = YES;
				GCC_WARN_UNINITIALIZED_AUTOS = YES_AGGRESSIVE;
				GCC_WARN_UNUSED_FUNCTION = YES;
				GCC_WARN_UNUSED_VARIABLE = YES;
				IPHONEOS_DEPLOYMENT_TARGET = 16.4;
				MTL_ENABLE_DEBUG_INFO = NO;
				MTL_FAST_MATH = YES;
				SDKROOT = iphoneos;
				SWIFT_COMPILATION_MODE = wholemodule;
				SWIFT_OPTIMIZATION_LEVEL = "-O";
				VALIDATE_PRODUCT = YES;
			};
			name = Release;
		};
		A14AE2242B1CA30600D2D619 /* Debug */ = {
			isa = XCBuildConfiguration;
			buildSettings = {
				ASSETCATALOG_COMPILER_APPICON_NAME = AppIcon;
				ASSETCATALOG_COMPILER_GLOBAL_ACCENT_COLOR_NAME = AccentColor;
				CODE_SIGN_STYLE = Automatic;
				CURRENT_PROJECT_VERSION = 1;
				DEVELOPMENT_TEAM = W4M6RR679M;
				GENERATE_INFOPLIST_FILE = YES;
				INFOPLIST_FILE = MetalCamera/Info.plist;
				INFOPLIST_KEY_NSCameraUsageDescription = Hi;
				INFOPLIST_KEY_NSMicrophoneUsageDescription = Hello;
				INFOPLIST_KEY_UIApplicationSupportsIndirectInputEvents = YES;
				INFOPLIST_KEY_UILaunchStoryboardName = LaunchScreen;
				INFOPLIST_KEY_UIMainStoryboardFile = Main;
				INFOPLIST_KEY_UISupportedInterfaceOrientations = UIInterfaceOrientationPortrait;
				INFOPLIST_KEY_UISupportedInterfaceOrientations_iPad = "UIInterfaceOrientationLandscapeLeft UIInterfaceOrientationLandscapeRight UIInterfaceOrientationPortrait UIInterfaceOrientationPortraitUpsideDown";
				LD_RUNPATH_SEARCH_PATHS = (
					"$(inherited)",
					"@executable_path/Frameworks",
				);
				MARKETING_VERSION = 1.0;
				PRODUCT_BUNDLE_IDENTIFIER = ru.frk.MetalCamera;
				PRODUCT_NAME = "$(TARGET_NAME)";
				SWIFT_EMIT_LOC_STRINGS = YES;
				SWIFT_VERSION = 5.0;
				TARGETED_DEVICE_FAMILY = "1,2";
			};
			name = Debug;
		};
		A14AE2252B1CA30600D2D619 /* Release */ = {
			isa = XCBuildConfiguration;
			buildSettings = {
				ASSETCATALOG_COMPILER_APPICON_NAME = AppIcon;
				ASSETCATALOG_COMPILER_GLOBAL_ACCENT_COLOR_NAME = AccentColor;
				CODE_SIGN_STYLE = Automatic;
				CURRENT_PROJECT_VERSION = 1;
				DEVELOPMENT_TEAM = W4M6RR679M;
				GENERATE_INFOPLIST_FILE = YES;
				INFOPLIST_FILE = MetalCamera/Info.plist;
				INFOPLIST_KEY_NSCameraUsageDescription = Hi;
				INFOPLIST_KEY_NSMicrophoneUsageDescription = Hello;
				INFOPLIST_KEY_UIApplicationSupportsIndirectInputEvents = YES;
				INFOPLIST_KEY_UILaunchStoryboardName = LaunchScreen;
				INFOPLIST_KEY_UIMainStoryboardFile = Main;
				INFOPLIST_KEY_UISupportedInterfaceOrientations = UIInterfaceOrientationPortrait;
				INFOPLIST_KEY_UISupportedInterfaceOrientations_iPad = "UIInterfaceOrientationLandscapeLeft UIInterfaceOrientationLandscapeRight UIInterfaceOrientationPortrait UIInterfaceOrientationPortraitUpsideDown";
				LD_RUNPATH_SEARCH_PATHS = (
					"$(inherited)",
					"@executable_path/Frameworks",
				);
				MARKETING_VERSION = 1.0;
				PRODUCT_BUNDLE_IDENTIFIER = ru.frk.MetalCamera;
				PRODUCT_NAME = "$(TARGET_NAME)";
				SWIFT_EMIT_LOC_STRINGS = YES;
				SWIFT_VERSION = 5.0;
				TARGETED_DEVICE_FAMILY = "1,2";
			};
			name = Release;
		};
/* End XCBuildConfiguration section */

/* Begin XCConfigurationList section */
		A14AE20A2B1CA30500D2D619 /* Build configuration list for PBXProject "MetalCamera" */ = {
			isa = XCConfigurationList;
			buildConfigurations = (
				A14AE2212B1CA30600D2D619 /* Debug */,
				A14AE2222B1CA30600D2D619 /* Release */,
			);
			defaultConfigurationIsVisible = 0;
			defaultConfigurationName = Release;
		};
		A14AE2232B1CA30600D2D619 /* Build configuration list for PBXNativeTarget "MetalCamera" */ = {
			isa = XCConfigurationList;
			buildConfigurations = (
				A14AE2242B1CA30600D2D619 /* Debug */,
				A14AE2252B1CA30600D2D619 /* Release */,
			);
			defaultConfigurationIsVisible = 0;
			defaultConfigurationName = Release;
		};
/* End XCConfigurationList section */
	};
	rootObject = A14AE2072B1CA30500D2D619 /* Project object */;
}
